// !$*UTF8*$!
{
	archiveVersion = 1;
	classes = {
	};
	objectVersion = 52;
	objects = {

/* Begin PBXBuildFile section */
		45E9CA7B26EA78B80020E98D /* AppDelegate.swift in Sources */ = {isa = PBXBuildFile; fileRef = 45E9CA7A26EA78B80020E98D /* AppDelegate.swift */; };
		45E9CA7D26EA78B80020E98D /* SceneDelegate.swift in Sources */ = {isa = PBXBuildFile; fileRef = 45E9CA7C26EA78B80020E98D /* SceneDelegate.swift */; };
		45E9CA7F26EA78B80020E98D /* ViewController.swift in Sources */ = {isa = PBXBuildFile; fileRef = 45E9CA7E26EA78B80020E98D /* ViewController.swift */; };
		45E9CA8226EA78B80020E98D /* Main.storyboard in Resources */ = {isa = PBXBuildFile; fileRef = 45E9CA8026EA78B80020E98D /* Main.storyboard */; };
		45E9CA8426EA78BD0020E98D /* Assets.xcassets in Resources */ = {isa = PBXBuildFile; fileRef = 45E9CA8326EA78BD0020E98D /* Assets.xcassets */; };
		45E9CA8726EA78BD0020E98D /* LaunchScreen.storyboard in Resources */ = {isa = PBXBuildFile; fileRef = 45E9CA8526EA78BD0020E98D /* LaunchScreen.storyboard */; };
		45E9CA9126EA7A130020E98D /* RxSwift in Frameworks */ = {isa = PBXBuildFile; productRef = 45E9CA9026EA7A130020E98D /* RxSwift */; };
		45E9CA9526EA7A130020E98D /* RxRelay in Frameworks */ = {isa = PBXBuildFile; productRef = 45E9CA9426EA7A130020E98D /* RxRelay */; };
		45E9CA9726EA7A130020E98D /* RxCocoa in Frameworks */ = {isa = PBXBuildFile; productRef = 45E9CA9626EA7A130020E98D /* RxCocoa */; };
		45E9CA9926EA7A130020E98D /* RxBlocking in Frameworks */ = {isa = PBXBuildFile; productRef = 45E9CA9826EA7A130020E98D /* RxBlocking */; };
/* End PBXBuildFile section */

/* Begin PBXFileReference section */
		45E9CA7726EA78B80020E98D /* RxSwiftProject.app */ = {isa = PBXFileReference; explicitFileType = wrapper.application; includeInIndex = 0; path = RxSwiftProject.app; sourceTree = BUILT_PRODUCTS_DIR; };
		45E9CA7A26EA78B80020E98D /* AppDelegate.swift */ = {isa = PBXFileReference; lastKnownFileType = sourcecode.swift; path = AppDelegate.swift; sourceTree = "<group>"; };
		45E9CA7C26EA78B80020E98D /* SceneDelegate.swift */ = {isa = PBXFileReference; lastKnownFileType = sourcecode.swift; path = SceneDelegate.swift; sourceTree = "<group>"; };
		45E9CA7E26EA78B80020E98D /* ViewController.swift */ = {isa = PBXFileReference; lastKnownFileType = sourcecode.swift; path = ViewController.swift; sourceTree = "<group>"; };
		45E9CA8126EA78B80020E98D /* Base */ = {isa = PBXFileReference; lastKnownFileType = file.storyboard; name = Base; path = Base.lproj/Main.storyboard; sourceTree = "<group>"; };
		45E9CA8326EA78BD0020E98D /* Assets.xcassets */ = {isa = PBXFileReference; lastKnownFileType = folder.assetcatalog; path = Assets.xcassets; sourceTree = "<group>"; };
		45E9CA8626EA78BD0020E98D /* Base */ = {isa = PBXFileReference; lastKnownFileType = file.storyboard; name = Base; path = Base.lproj/LaunchScreen.storyboard; sourceTree = "<group>"; };
		45E9CA8826EA78BD0020E98D /* Info.plist */ = {isa = PBXFileReference; lastKnownFileType = text.plist.xml; path = Info.plist; sourceTree = "<group>"; };
/* End PBXFileReference section */

/* Begin PBXFrameworksBuildPhase section */
		45E9CA7426EA78B80020E98D /* Frameworks */ = {
			isa = PBXFrameworksBuildPhase;
			buildActionMask = 2147483647;
			files = (
				45E9CA9526EA7A130020E98D /* RxRelay in Frameworks */,
				45E9CA9726EA7A130020E98D /* RxCocoa in Frameworks */,
				45E9CA9126EA7A130020E98D /* RxSwift in Frameworks */,
				45E9CA9926EA7A130020E98D /* RxBlocking in Frameworks */,
			);
			runOnlyForDeploymentPostprocessing = 0;
		};
/* End PBXFrameworksBuildPhase section */

/* Begin PBXGroup section */
		45E9CA6E26EA78B80020E98D = {
			isa = PBXGroup;
			children = (
				45E9CA7926EA78B80020E98D /* RxSwiftProject */,
				45E9CA7826EA78B80020E98D /* Products */,
			);
			sourceTree = "<group>";
		};
		45E9CA7826EA78B80020E98D /* Products */ = {
			isa = PBXGroup;
			children = (
				45E9CA7726EA78B80020E98D /* RxSwiftProject.app */,
			);
			name = Products;
			sourceTree = "<group>";
		};
		45E9CA7926EA78B80020E98D /* RxSwiftProject */ = {
			isa = PBXGroup;
			children = (
				45E9CA7A26EA78B80020E98D /* AppDelegate.swift */,
				45E9CA7C26EA78B80020E98D /* SceneDelegate.swift */,
				45E9CA7E26EA78B80020E98D /* ViewController.swift */,
				45E9CA8026EA78B80020E98D /* Main.storyboard */,
				45E9CA8326EA78BD0020E98D /* Assets.xcassets */,
				45E9CA8526EA78BD0020E98D /* LaunchScreen.storyboard */,
				45E9CA8826EA78BD0020E98D /* Info.plist */,
			);
			path = RxSwiftProject;
			sourceTree = "<group>";
		};
/* End PBXGroup section */

/* Begin PBXNativeTarget section */
		45E9CA7626EA78B80020E98D /* RxSwiftProject */ = {
			isa = PBXNativeTarget;
			buildConfigurationList = 45E9CA8B26EA78BD0020E98D /* Build configuration list for PBXNativeTarget "RxSwiftProject" */;
			buildPhases = (
				45E9CA7326EA78B80020E98D /* Sources */,
				45E9CA7426EA78B80020E98D /* Frameworks */,
				45E9CA7526EA78B80020E98D /* Resources */,
			);
			buildRules = (
			);
			dependencies = (
			);
			name = RxSwiftProject;
			packageProductDependencies = (
				45E9CA9026EA7A130020E98D /* RxSwift */,
				45E9CA9426EA7A130020E98D /* RxRelay */,
				45E9CA9626EA7A130020E98D /* RxCocoa */,
				45E9CA9826EA7A130020E98D /* RxBlocking */,
			);
			productName = RxSwiftProject;
			productReference = 45E9CA7726EA78B80020E98D /* RxSwiftProject.app */;
			productType = "com.apple.product-type.application";
		};
/* End PBXNativeTarget section */

/* Begin PBXProject section */
		45E9CA6F26EA78B80020E98D /* Project object */ = {
			isa = PBXProject;
			attributes = {
				LastSwiftUpdateCheck = 1240;
				LastUpgradeCheck = 1240;
				TargetAttributes = {
					45E9CA7626EA78B80020E98D = {
						CreatedOnToolsVersion = 12.4;
					};
				};
			};
			buildConfigurationList = 45E9CA7226EA78B80020E98D /* Build configuration list for PBXProject "RxSwiftProject" */;
			compatibilityVersion = "Xcode 9.3";
			developmentRegion = en;
			hasScannedForEncodings = 0;
			knownRegions = (
				en,
				Base,
			);
			mainGroup = 45E9CA6E26EA78B80020E98D;
			packageReferences = (
				45E9CA8F26EA7A130020E98D /* XCRemoteSwiftPackageReference "RxSwift" */,
			);
			productRefGroup = 45E9CA7826EA78B80020E98D /* Products */;
			projectDirPath = "";
			projectRoot = "";
			targets = (
				45E9CA7626EA78B80020E98D /* RxSwiftProject */,
			);
		};
/* End PBXProject section */

/* Begin PBXResourcesBuildPhase section */
		45E9CA7526EA78B80020E98D /* Resources */ = {
			isa = PBXResourcesBuildPhase;
			buildActionMask = 2147483647;
			files = (
				45E9CA8726EA78BD0020E98D /* LaunchScreen.storyboard in Resources */,
				45E9CA8426EA78BD0020E98D /* Assets.xcassets in Resources */,
				45E9CA8226EA78B80020E98D /* Main.storyboard in Resources */,
			);
			runOnlyForDeploymentPostprocessing = 0;
		};
/* End PBXResourcesBuildPhase section */

/* Begin PBXSourcesBuildPhase section */
		45E9CA7326EA78B80020E98D /* Sources */ = {
			isa = PBXSourcesBuildPhase;
			buildActionMask = 2147483647;
			files = (
				45E9CA7F26EA78B80020E98D /* ViewController.swift in Sources */,
				45E9CA7B26EA78B80020E98D /* AppDelegate.swift in Sources */,
				45E9CA7D26EA78B80020E98D /* SceneDelegate.swift in Sources */,
			);
			runOnlyForDeploymentPostprocessing = 0;
		};
/* End PBXSourcesBuildPhase section */

/* Begin PBXVariantGroup section */
		45E9CA8026EA78B80020E98D /* Main.storyboard */ = {
			isa = PBXVariantGroup;
			children = (
				45E9CA8126EA78B80020E98D /* Base */,
			);
			name = Main.storyboard;
			sourceTree = "<group>";
		};
		45E9CA8526EA78BD0020E98D /* LaunchScreen.storyboard */ = {
			isa = PBXVariantGroup;
			children = (
				45E9CA8626EA78BD0020E98D /* Base */,
			);
			name = LaunchScreen.storyboard;
			sourceTree = "<group>";
		};
/* End PBXVariantGroup section */

/* Begin XCBuildConfiguration section */
		45E9CA8926EA78BD0020E98D /* Debug */ = {
			isa = XCBuildConfiguration;
			buildSettings = {
				ALWAYS_SEARCH_USER_PATHS = NO;
				CLANG_ANALYZER_NONNULL = YES;
				CLANG_ANALYZER_NUMBER_OBJECT_CONVERSION = YES_AGGRESSIVE;
				CLANG_CXX_LANGUAGE_STANDARD = "gnu++14";
				CLANG_CXX_LIBRARY = "libc++";
				CLANG_ENABLE_MODULES = YES;
				CLANG_ENABLE_OBJC_ARC = YES;
				CLANG_ENABLE_OBJC_WEAK = YES;
				CLANG_WARN_BLOCK_CAPTURE_AUTORELEASING = YES;
				CLANG_WARN_BOOL_CONVERSION = YES;
				CLANG_WARN_COMMA = YES;
				CLANG_WARN_CONSTANT_CONVERSION = YES;
				CLANG_WARN_DEPRECATED_OBJC_IMPLEMENTATIONS = YES;
				CLANG_WARN_DIRECT_OBJC_ISA_USAGE = YES_ERROR;
				CLANG_WARN_DOCUMENTATION_COMMENTS = YES;
				CLANG_WARN_EMPTY_BODY = YES;
				CLANG_WARN_ENUM_CONVERSION = YES;
				CLANG_WARN_INFINITE_RECURSION = YES;
				CLANG_WARN_INT_CONVERSION = YES;
				CLANG_WARN_NON_LITERAL_NULL_CONVERSION = YES;
				CLANG_WARN_OBJC_IMPLICIT_RETAIN_SELF = YES;
				CLANG_WARN_OBJC_LITERAL_CONVERSION = YES;
				CLANG_WARN_OBJC_ROOT_CLASS = YES_ERROR;
				CLANG_WARN_QUOTED_INCLUDE_IN_FRAMEWORK_HEADER = YES;
				CLANG_WARN_RANGE_LOOP_ANALYSIS = YES;
				CLANG_WARN_STRICT_PROTOTYPES = YES;
				CLANG_WARN_SUSPICIOUS_MOVE = YES;
				CLANG_WARN_UNGUARDED_AVAILABILITY = YES_AGGRESSIVE;
				CLANG_WARN_UNREACHABLE_CODE = YES;
				CLANG_WARN__DUPLICATE_METHOD_MATCH = YES;
				COPY_PHASE_STRIP = NO;
				DEBUG_INFORMATION_FORMAT = dwarf;
				ENABLE_STRICT_OBJC_MSGSEND = YES;
				ENABLE_TESTABILITY = YES;
				GCC_C_LANGUAGE_STANDARD = gnu11;
				GCC_DYNAMIC_NO_PIC = NO;
				GCC_NO_COMMON_BLOCKS = YES;
				GCC_OPTIMIZATION_LEVEL = 0;
				GCC_PREPROCESSOR_DEFINITIONS = (
					"DEBUG=1",
					"$(inherited)",
				);
				GCC_WARN_64_TO_32_BIT_CONVERSION = YES;
				GCC_WARN_ABOUT_RETURN_TYPE = YES_ERROR;
				GCC_WARN_UNDECLARED_SELECTOR = YES;
				GCC_WARN_UNINITIALIZED_AUTOS = YES_AGGRESSIVE;
				GCC_WARN_UNUSED_FUNCTION = YES;
				GCC_WARN_UNUSED_VARIABLE = YES;
				IPHONEOS_DEPLOYMENT_TARGET = 14.4;
				MTL_ENABLE_DEBUG_INFO = INCLUDE_SOURCE;
				MTL_FAST_MATH = YES;
				ONLY_ACTIVE_ARCH = YES;
				SDKROOT = iphoneos;
				SWIFT_ACTIVE_COMPILATION_CONDITIONS = DEBUG;
				SWIFT_OPTIMIZATION_LEVEL = "-Onone";
			};
			name = Debug;
		};
		45E9CA8A26EA78BD0020E98D /* Release */ = {
			isa = XCBuildConfiguration;
			buildSettings = {
				ALWAYS_SEARCH_USER_PATHS = NO;
				CLANG_ANALYZER_NONNULL = YES;
				CLANG_ANALYZER_NUMBER_OBJECT_CONVERSION = YES_AGGRESSIVE;
				CLANG_CXX_LANGUAGE_STANDARD = "gnu++14";
				CLANG_CXX_LIBRARY = "libc++";
				CLANG_ENABLE_MODULES = YES;
				CLANG_ENABLE_OBJC_ARC = YES;
				CLANG_ENABLE_OBJC_WEAK = YES;
				CLANG_WARN_BLOCK_CAPTURE_AUTORELEASING = YES;
				CLANG_WARN_BOOL_CONVERSION = YES;
				CLANG_WARN_COMMA = YES;
				CLANG_WARN_CONSTANT_CONVERSION = YES;
				CLANG_WARN_DEPRECATED_OBJC_IMPLEMENTATIONS = YES;
				CLANG_WARN_DIRECT_OBJC_ISA_USAGE = YES_ERROR;
				CLANG_WARN_DOCUMENTATION_COMMENTS = YES;
				CLANG_WARN_EMPTY_BODY = YES;
				CLANG_WARN_ENUM_CONVERSION = YES;
				CLANG_WARN_INFINITE_RECURSION = YES;
				CLANG_WARN_INT_CONVERSION = YES;
				CLANG_WARN_NON_LITERAL_NULL_CONVERSION = YES;
				CLANG_WARN_OBJC_IMPLICIT_RETAIN_SELF = YES;
				CLANG_WARN_OBJC_LITERAL_CONVERSION = YES;
				CLANG_WARN_OBJC_ROOT_CLASS = YES_ERROR;
				CLANG_WARN_QUOTED_INCLUDE_IN_FRAMEWORK_HEADER = YES;
				CLANG_WARN_RANGE_LOOP_ANALYSIS = YES;
				CLANG_WARN_STRICT_PROTOTYPES = YES;
				CLANG_WARN_SUSPICIOUS_MOVE = YES;
				CLANG_WARN_UNGUARDED_AVAILABILITY = YES_AGGRESSIVE;
				CLANG_WARN_UNREACHABLE_CODE = YES;
				CLANG_WARN__DUPLICATE_METHOD_MATCH = YES;
				COPY_PHASE_STRIP = NO;
				DEBUG_INFORMATION_FORMAT = "dwarf-with-dsym";
				ENABLE_NS_ASSERTIONS = NO;
				ENABLE_STRICT_OBJC_MSGSEND = YES;
				GCC_C_LANGUAGE_STANDARD = gnu11;
				GCC_NO_COMMON_BLOCKS = YES;
				GCC_WARN_64_TO_32_BIT_CONVERSION = YES;
				GCC_WARN_ABOUT_RETURN_TYPE = YES_ERROR;
				GCC_WARN_UNDECLARED_SELECTOR = YES;
				GCC_WARN_UNINITIALIZED_AUTOS = YES_AGGRESSIVE;
				GCC_WARN_UNUSED_FUNCTION = YES;
				GCC_WARN_UNUSED_VARIABLE = YES;
				IPHONEOS_DEPLOYMENT_TARGET = 14.4;
				MTL_ENABLE_DEBUG_INFO = NO;
				MTL_FAST_MATH = YES;
				SDKROOT = iphoneos;
				SWIFT_COMPILATION_MODE = wholemodule;
				SWIFT_OPTIMIZATION_LEVEL = "-O";
				VALIDATE_PRODUCT = YES;
			};
			name = Release;
		};
		45E9CA8C26EA78BD0020E98D /* Debug */ = {
			isa = XCBuildConfiguration;
			buildSettings = {
				ASSETCATALOG_COMPILER_APPICON_NAME = AppIcon;
				ASSETCATALOG_COMPILER_GLOBAL_ACCENT_COLOR_NAME = AccentColor;
				CODE_SIGN_STYLE = Automatic;
				INFOPLIST_FILE = RxSwiftProject/Info.plist;
				LD_RUNPATH_SEARCH_PATHS = (
					"$(inherited)",
					"@executable_path/Frameworks",
				);
				PRODUCT_BUNDLE_IDENTIFIER = com.ios.RxSwiftProject;
				PRODUCT_NAME = "$(TARGET_NAME)";
				SWIFT_VERSION = 5.0;
				TARGETED_DEVICE_FAMILY = "1,2";
			};
			name = Debug;
		};
		45E9CA8D26EA78BD0020E98D /* Release */ = {
			isa = XCBuildConfiguration;
			buildSettings = {
				ASSETCATALOG_COMPILER_APPICON_NAME = AppIcon;
				ASSETCATALOG_COMPILER_GLOBAL_ACCENT_COLOR_NAME = AccentColor;
				CODE_SIGN_STYLE = Automatic;
				INFOPLIST_FILE = RxSwiftProject/Info.plist;
				LD_RUNPATH_SEARCH_PATHS = (
					"$(inherited)",
					"@executable_path/Frameworks",
				);
				PRODUCT_BUNDLE_IDENTIFIER = com.ios.RxSwiftProject;
				PRODUCT_NAME = "$(TARGET_NAME)";
				SWIFT_VERSION = 5.0;
				TARGETED_DEVICE_FAMILY = "1,2";
			};
			name = Release;
		};
/* End XCBuildConfiguration section */

/* Begin XCConfigurationList section */
		45E9CA7226EA78B80020E98D /* Build configuration list for PBXProject "RxSwiftProject" */ = {
			isa = XCConfigurationList;
			buildConfigurations = (
				45E9CA8926EA78BD0020E98D /* Debug */,
				45E9CA8A26EA78BD0020E98D /* Release */,
			);
			defaultConfigurationIsVisible = 0;
			defaultConfigurationName = Release;
		};
		45E9CA8B26EA78BD0020E98D /* Build configuration list for PBXNativeTarget "RxSwiftProject" */ = {
			isa = XCConfigurationList;
			buildConfigurations = (
				45E9CA8C26EA78BD0020E98D /* Debug */,
				45E9CA8D26EA78BD0020E98D /* Release */,
			);
			defaultConfigurationIsVisible = 0;
			defaultConfigurationName = Release;
		};
/* End XCConfigurationList section */

/* Begin XCRemoteSwiftPackageReference section */
		45E9CA8F26EA7A130020E98D /* XCRemoteSwiftPackageReference "RxSwift" */ = {
			isa = XCRemoteSwiftPackageReference;
			repositoryURL = "https://github.com/ReactiveX/RxSwift";
			requirement = {
				kind = upToNextMajorVersion;
				minimumVersion = 6.2.0;
			};
		};
/* End XCRemoteSwiftPackageReference section */

/* Begin XCSwiftPackageProductDependency section */
		45E9CA9026EA7A130020E98D /* RxSwift */ = {
			isa = XCSwiftPackageProductDependency;
			package = 45E9CA8F26EA7A130020E98D /* XCRemoteSwiftPackageReference "RxSwift" */;
			productName = RxSwift;
		};
		45E9CA9426EA7A130020E98D /* RxRelay */ = {
			isa = XCSwiftPackageProductDependency;
			package = 45E9CA8F26EA7A130020E98D /* XCRemoteSwiftPackageReference "RxSwift" */;
			productName = RxRelay;
		};
		45E9CA9626EA7A130020E98D /* RxCocoa */ = {
			isa = XCSwiftPackageProductDependency;
			package = 45E9CA8F26EA7A130020E98D /* XCRemoteSwiftPackageReference "RxSwift" */;
			productName = RxCocoa;
		};
		45E9CA9826EA7A130020E98D /* RxBlocking */ = {
			isa = XCSwiftPackageProductDependency;
			package = 45E9CA8F26EA7A130020E98D /* XCRemoteSwiftPackageReference "RxSwift" */;
			productName = RxBlocking;
		};
/* End XCSwiftPackageProductDependency section */
	};
	rootObject = 45E9CA6F26EA78B80020E98D /* Project object */;
}
